// !$*UTF8*$!
{
	archiveVersion = 1;
	classes = {
	};
	objectVersion = 46;
	objects = {

/* Begin PBXBuildFile section */
		B6281A1619DDF89C005B7592 /* AppDelegate.swift in Sources */ = {isa = PBXBuildFile; fileRef = B6281A1519DDF89C005B7592 /* AppDelegate.swift */; };
		B6281A1819DDF89C005B7592 /* ViewController.swift in Sources */ = {isa = PBXBuildFile; fileRef = B6281A1719DDF89C005B7592 /* ViewController.swift */; };
		B6281A1B19DDF89C005B7592 /* Main.storyboard in Resources */ = {isa = PBXBuildFile; fileRef = B6281A1919DDF89C005B7592 /* Main.storyboard */; };
		B6281A1D19DDF89C005B7592 /* Images.xcassets in Resources */ = {isa = PBXBuildFile; fileRef = B6281A1C19DDF89C005B7592 /* Images.xcassets */; };
		B6281A2019DDF89C005B7592 /* LaunchScreen.xib in Resources */ = {isa = PBXBuildFile; fileRef = B6281A1E19DDF89C005B7592 /* LaunchScreen.xib */; };
		B6281A2C19DDF89C005B7592 /* _9RedBalloonsTests.swift in Sources */ = {isa = PBXBuildFile; fileRef = B6281A2B19DDF89C005B7592 /* _9RedBalloonsTests.swift */; };
		B6281A3B19DDFA3C005B7592 /* BerlinTVTower.jpg in Resources */ = {isa = PBXBuildFile; fileRef = B6281A3619DDFA3C005B7592 /* BerlinTVTower.jpg */; };
		B6281A3C19DDFA3C005B7592 /* RedBalloon1.jpg in Resources */ = {isa = PBXBuildFile; fileRef = B6281A3719DDFA3C005B7592 /* RedBalloon1.jpg */; };
		B6281A3D19DDFA3C005B7592 /* RedBalloon2.jpg in Resources */ = {isa = PBXBuildFile; fileRef = B6281A3819DDFA3C005B7592 /* RedBalloon2.jpg */; };
		B6281A3E19DDFA3C005B7592 /* RedBalloon3.jpg in Resources */ = {isa = PBXBuildFile; fileRef = B6281A3919DDFA3C005B7592 /* RedBalloon3.jpg */; };
		B6281A3F19DDFA3C005B7592 /* RedBalloon4.jpg in Resources */ = {isa = PBXBuildFile; fileRef = B6281A3A19DDFA3C005B7592 /* RedBalloon4.jpg */; };
		B6281A4319DDFC01005B7592 /* balloon.swift in Sources */ = {isa = PBXBuildFile; fileRef = B6281A4219DDFC01005B7592 /* balloon.swift */; };
/* End PBXBuildFile section */

/* Begin PBXContainerItemProxy section */
		B6281A2619DDF89C005B7592 /* PBXContainerItemProxy */ = {
			isa = PBXContainerItemProxy;
			containerPortal = B6281A0819DDF89C005B7592 /* Project object */;
			proxyType = 1;
			remoteGlobalIDString = B6281A0F19DDF89C005B7592;
			remoteInfo = 99RedBalloons;
		};
/* End PBXContainerItemProxy section */

/* Begin PBXFileReference section */
		B6281A1019DDF89C005B7592 /* 99RedBalloons.app */ = {isa = PBXFileReference; explicitFileType = wrapper.application; includeInIndex = 0; path = 99RedBalloons.app; sourceTree = BUILT_PRODUCTS_DIR; };
		B6281A1419DDF89C005B7592 /* Info.plist */ = {isa = PBXFileReference; lastKnownFileType = text.plist.xml; path = Info.plist; sourceTree = "<group>"; };
		B6281A1519DDF89C005B7592 /* AppDelegate.swift */ = {isa = PBXFileReference; lastKnownFileType = sourcecode.swift; path = AppDelegate.swift; sourceTree = "<group>"; };
		B6281A1719DDF89C005B7592 /* ViewController.swift */ = {isa = PBXFileReference; lastKnownFileType = sourcecode.swift; path = ViewController.swift; sourceTree = "<group>"; };
		B6281A1A19DDF89C005B7592 /* Base */ = {isa = PBXFileReference; lastKnownFileType = file.storyboard; name = Base; path = Base.lproj/Main.storyboard; sourceTree = "<group>"; };
		B6281A1C19DDF89C005B7592 /* Images.xcassets */ = {isa = PBXFileReference; lastKnownFileType = folder.assetcatalog; path = Images.xcassets; sourceTree = "<group>"; };
		B6281A1F19DDF89C005B7592 /* Base */ = {isa = PBXFileReference; lastKnownFileType = file.xib; name = Base; path = Base.lproj/LaunchScreen.xib; sourceTree = "<group>"; };
		B6281A2519DDF89C005B7592 /* 99RedBalloonsTests.xctest */ = {isa = PBXFileReference; explicitFileType = wrapper.cfbundle; includeInIndex = 0; path = 99RedBalloonsTests.xctest; sourceTree = BUILT_PRODUCTS_DIR; };
		B6281A2A19DDF89C005B7592 /* Info.plist */ = {isa = PBXFileReference; lastKnownFileType = text.plist.xml; path = Info.plist; sourceTree = "<group>"; };
		B6281A2B19DDF89C005B7592 /* _9RedBalloonsTests.swift */ = {isa = PBXFileReference; lastKnownFileType = sourcecode.swift; path = _9RedBalloonsTests.swift; sourceTree = "<group>"; };
		B6281A3619DDFA3C005B7592 /* BerlinTVTower.jpg */ = {isa = PBXFileReference; lastKnownFileType = image.jpeg; path = BerlinTVTower.jpg; sourceTree = "<group>"; };
		B6281A3719DDFA3C005B7592 /* RedBalloon1.jpg */ = {isa = PBXFileReference; lastKnownFileType = image.jpeg; path = RedBalloon1.jpg; sourceTree = "<group>"; };
		B6281A3819DDFA3C005B7592 /* RedBalloon2.jpg */ = {isa = PBXFileReference; lastKnownFileType = image.jpeg; path = RedBalloon2.jpg; sourceTree = "<group>"; };
		B6281A3919DDFA3C005B7592 /* RedBalloon3.jpg */ = {isa = PBXFileReference; lastKnownFileType = image.jpeg; path = RedBalloon3.jpg; sourceTree = "<group>"; };
		B6281A3A19DDFA3C005B7592 /* RedBalloon4.jpg */ = {isa = PBXFileReference; lastKnownFileType = image.jpeg; path = RedBalloon4.jpg; sourceTree = "<group>"; };
		B6281A4219DDFC01005B7592 /* balloon.swift */ = {isa = PBXFileReference; fileEncoding = 4; lastKnownFileType = sourcecode.swift; path = balloon.swift; sourceTree = "<group>"; };
/* End PBXFileReference section */

/* Begin PBXFrameworksBuildPhase section */
		B6281A0D19DDF89C005B7592 /* Frameworks */ = {
			isa = PBXFrameworksBuildPhase;
			buildActionMask = 2147483647;
			files = (
			);
			runOnlyForDeploymentPostprocessing = 0;
		};
		B6281A2219DDF89C005B7592 /* Frameworks */ = {
			isa = PBXFrameworksBuildPhase;
			buildActionMask = 2147483647;
			files = (
			);
			runOnlyForDeploymentPostprocessing = 0;
		};
/* End PBXFrameworksBuildPhase section */

/* Begin PBXGroup section */
		B6281A0719DDF89C005B7592 = {
			isa = PBXGroup;
			children = (
				B6281A1219DDF89C005B7592 /* 99RedBalloons */,
				B6281A2819DDF89C005B7592 /* 99RedBalloonsTests */,
				B6281A1119DDF89C005B7592 /* Products */,
			);
			sourceTree = "<group>";
		};
		B6281A1119DDF89C005B7592 /* Products */ = {
			isa = PBXGroup;
			children = (
				B6281A1019DDF89C005B7592 /* 99RedBalloons.app */,
				B6281A2519DDF89C005B7592 /* 99RedBalloonsTests.xctest */,
			);
			name = Products;
			sourceTree = "<group>";
		};
		B6281A1219DDF89C005B7592 /* 99RedBalloons */ = {
			isa = PBXGroup;
			children = (
				B6281A1519DDF89C005B7592 /* AppDelegate.swift */,
				B6281A1719DDF89C005B7592 /* ViewController.swift */,
				B6281A4119DDFBE0005B7592 /* Models */,
				B6281A1919DDF89C005B7592 /* Main.storyboard */,
				B6281A1C19DDF89C005B7592 /* Images.xcassets */,
				B6281A1E19DDF89C005B7592 /* LaunchScreen.xib */,
				B6281A1319DDF89C005B7592 /* Supporting Files */,
			);
			path = 99RedBalloons;
			sourceTree = "<group>";
		};
		B6281A1319DDF89C005B7592 /* Supporting Files */ = {
			isa = PBXGroup;
			children = (
				B6281A3519DDFA3C005B7592 /* 99RedBalloonsAssets */,
				B6281A1419DDF89C005B7592 /* Info.plist */,
			);
			name = "Supporting Files";
			sourceTree = "<group>";
		};
		B6281A2819DDF89C005B7592 /* 99RedBalloonsTests */ = {
			isa = PBXGroup;
			children = (
				B6281A2B19DDF89C005B7592 /* _9RedBalloonsTests.swift */,
				B6281A2919DDF89C005B7592 /* Supporting Files */,
			);
			path = 99RedBalloonsTests;
			sourceTree = "<group>";
		};
		B6281A2919DDF89C005B7592 /* Supporting Files */ = {
			isa = PBXGroup;
			children = (
				B6281A2A19DDF89C005B7592 /* Info.plist */,
			);
			name = "Supporting Files";
			sourceTree = "<group>";
		};
		B6281A3519DDFA3C005B7592 /* 99RedBalloonsAssets */ = {
			isa = PBXGroup;
			children = (
				B6281A3619DDFA3C005B7592 /* BerlinTVTower.jpg */,
				B6281A3719DDFA3C005B7592 /* RedBalloon1.jpg */,
				B6281A3819DDFA3C005B7592 /* RedBalloon2.jpg */,
				B6281A3919DDFA3C005B7592 /* RedBalloon3.jpg */,
				B6281A3A19DDFA3C005B7592 /* RedBalloon4.jpg */,
			);
			path = 99RedBalloonsAssets;
			sourceTree = "<group>";
		};
		B6281A4119DDFBE0005B7592 /* Models */ = {
			isa = PBXGroup;
			children = (
				B6281A4219DDFC01005B7592 /* balloon.swift */,
			);
			name = Models;
			sourceTree = "<group>";
		};
/* End PBXGroup section */

/* Begin PBXNativeTarget section */
		B6281A0F19DDF89C005B7592 /* 99RedBalloons */ = {
			isa = PBXNativeTarget;
			buildConfigurationList = B6281A2F19DDF89C005B7592 /* Build configuration list for PBXNativeTarget "99RedBalloons" */;
			buildPhases = (
				B6281A0C19DDF89C005B7592 /* Sources */,
				B6281A0D19DDF89C005B7592 /* Frameworks */,
				B6281A0E19DDF89C005B7592 /* Resources */,
			);
			buildRules = (
			);
			dependencies = (
			);
			name = 99RedBalloons;
			productName = 99RedBalloons;
			productReference = B6281A1019DDF89C005B7592 /* 99RedBalloons.app */;
			productType = "com.apple.product-type.application";
		};
		B6281A2419DDF89C005B7592 /* 99RedBalloonsTests */ = {
			isa = PBXNativeTarget;
			buildConfigurationList = B6281A3219DDF89C005B7592 /* Build configuration list for PBXNativeTarget "99RedBalloonsTests" */;
			buildPhases = (
				B6281A2119DDF89C005B7592 /* Sources */,
				B6281A2219DDF89C005B7592 /* Frameworks */,
				B6281A2319DDF89C005B7592 /* Resources */,
			);
			buildRules = (
			);
			dependencies = (
				B6281A2719DDF89C005B7592 /* PBXTargetDependency */,
			);
			name = 99RedBalloonsTests;
			productName = 99RedBalloonsTests;
			productReference = B6281A2519DDF89C005B7592 /* 99RedBalloonsTests.xctest */;
			productType = "com.apple.product-type.bundle.unit-test";
		};
/* End PBXNativeTarget section */

/* Begin PBXProject section */
		B6281A0819DDF89C005B7592 /* Project object */ = {
			isa = PBXProject;
			attributes = {
				LastUpgradeCheck = 0600;
				ORGANIZATIONNAME = "Raymond Scott";
				TargetAttributes = {
					B6281A0F19DDF89C005B7592 = {
						CreatedOnToolsVersion = 6.0;
					};
					B6281A2419DDF89C005B7592 = {
						CreatedOnToolsVersion = 6.0;
						TestTargetID = B6281A0F19DDF89C005B7592;
					};
				};
			};
			buildConfigurationList = B6281A0B19DDF89C005B7592 /* Build configuration list for PBXProject "99RedBalloons" */;
			compatibilityVersion = "Xcode 3.2";
			developmentRegion = English;
			hasScannedForEncodings = 0;
			knownRegions = (
				en,
				Base,
			);
			mainGroup = B6281A0719DDF89C005B7592;
			productRefGroup = B6281A1119DDF89C005B7592 /* Products */;
			projectDirPath = "";
			projectRoot = "";
			targets = (
				B6281A0F19DDF89C005B7592 /* 99RedBalloons */,
				B6281A2419DDF89C005B7592 /* 99RedBalloonsTests */,
			);
		};
/* End PBXProject section */

/* Begin PBXResourcesBuildPhase section */
		B6281A0E19DDF89C005B7592 /* Resources */ = {
			isa = PBXResourcesBuildPhase;
			buildActionMask = 2147483647;
			files = (
				B6281A3D19DDFA3C005B7592 /* RedBalloon2.jpg in Resources */,
				B6281A1B19DDF89C005B7592 /* Main.storyboard in Resources */,
				B6281A3E19DDFA3C005B7592 /* RedBalloon3.jpg in Resources */,
				B6281A2019DDF89C005B7592 /* LaunchScreen.xib in Resources */,
				B6281A3F19DDFA3C005B7592 /* RedBalloon4.jpg in Resources */,
				B6281A1D19DDF89C005B7592 /* Images.xcassets in Resources */,
				B6281A3C19DDFA3C005B7592 /* RedBalloon1.jpg in Resources */,
				B6281A3B19DDFA3C005B7592 /* BerlinTVTower.jpg in Resources */,
			);
			runOnlyForDeploymentPostprocessing = 0;
		};
		B6281A2319DDF89C005B7592 /* Resources */ = {
			isa = PBXResourcesBuildPhase;
			buildActionMask = 2147483647;
			files = (
			);
			runOnlyForDeploymentPostprocessing = 0;
		};
/* End PBXResourcesBuildPhase section */

/* Begin PBXSourcesBuildPhase section */
		B6281A0C19DDF89C005B7592 /* Sources */ = {
			isa = PBXSourcesBuildPhase;
			buildActionMask = 2147483647;
			files = (
				B6281A4319DDFC01005B7592 /* balloon.swift in Sources */,
				B6281A1819DDF89C005B7592 /* ViewController.swift in Sources */,
				B6281A1619DDF89C005B7592 /* AppDelegate.swift in Sources */,
			);
			runOnlyForDeploymentPostprocessing = 0;
		};
		B6281A2119DDF89C005B7592 /* Sources */ = {
			isa = PBXSourcesBuildPhase;
			buildActionMask = 2147483647;
			files = (
				B6281A2C19DDF89C005B7592 /* _9RedBalloonsTests.swift in Sources */,
			);
			runOnlyForDeploymentPostprocessing = 0;
		};
/* End PBXSourcesBuildPhase section */

/* Begin PBXTargetDependency section */
		B6281A2719DDF89C005B7592 /* PBXTargetDependency */ = {
			isa = PBXTargetDependency;
			target = B6281A0F19DDF89C005B7592 /* 99RedBalloons */;
			targetProxy = B6281A2619DDF89C005B7592 /* PBXContainerItemProxy */;
		};
/* End PBXTargetDependency section */

/* Begin PBXVariantGroup section */
		B6281A1919DDF89C005B7592 /* Main.storyboard */ = {
			isa = PBXVariantGroup;
			children = (
				B6281A1A19DDF89C005B7592 /* Base */,
			);
			name = Main.storyboard;
			sourceTree = "<group>";
		};
		B6281A1E19DDF89C005B7592 /* LaunchScreen.xib */ = {
			isa = PBXVariantGroup;
			children = (
				B6281A1F19DDF89C005B7592 /* Base */,
			);
			name = LaunchScreen.xib;
			sourceTree = "<group>";
		};
/* End PBXVariantGroup section */

/* Begin XCBuildConfiguration section */
		B6281A2D19DDF89C005B7592 /* Debug */ = {
			isa = XCBuildConfiguration;
			buildSettings = {
				ALWAYS_SEARCH_USER_PATHS = NO;
				CLANG_CXX_LANGUAGE_STANDARD = "gnu++0x";
				CLANG_CXX_LIBRARY = "libc++";
				CLANG_ENABLE_MODULES = YES;
				CLANG_ENABLE_OBJC_ARC = YES;
				CLANG_WARN_BOOL_CONVERSION = YES;
				CLANG_WARN_CONSTANT_CONVERSION = YES;
				CLANG_WARN_DIRECT_OBJC_ISA_USAGE = YES_ERROR;
				CLANG_WARN_EMPTY_BODY = YES;
				CLANG_WARN_ENUM_CONVERSION = YES;
				CLANG_WARN_INT_CONVERSION = YES;
				CLANG_WARN_OBJC_ROOT_CLASS = YES_ERROR;
				CLANG_WARN_UNREACHABLE_CODE = YES;
				CLANG_WARN__DUPLICATE_METHOD_MATCH = YES;
				"CODE_SIGN_IDENTITY[sdk=iphoneos*]" = "iPhone Developer";
				COPY_PHASE_STRIP = NO;
				ENABLE_STRICT_OBJC_MSGSEND = YES;
				GCC_C_LANGUAGE_STANDARD = gnu99;
				GCC_DYNAMIC_NO_PIC = NO;
				GCC_OPTIMIZATION_LEVEL = 0;
				GCC_PREPROCESSOR_DEFINITIONS = (
					"DEBUG=1",
					"$(inherited)",
				);
				GCC_SYMBOLS_PRIVATE_EXTERN = NO;
				GCC_WARN_64_TO_32_BIT_CONVERSION = YES;
				GCC_WARN_ABOUT_RETURN_TYPE = YES_ERROR;
				GCC_WARN_UNDECLARED_SELECTOR = YES;
				GCC_WARN_UNINITIALIZED_AUTOS = YES_AGGRESSIVE;
				GCC_WARN_UNUSED_FUNCTION = YES;
				GCC_WARN_UNUSED_VARIABLE = YES;
				IPHONEOS_DEPLOYMENT_TARGET = 8.0;
				MTL_ENABLE_DEBUG_INFO = YES;
				ONLY_ACTIVE_ARCH = YES;
				SDKROOT = iphoneos;
				SWIFT_OPTIMIZATION_LEVEL = "-Onone";
			};
			name = Debug;
		};
		B6281A2E19DDF89C005B7592 /* Release */ = {
			isa = XCBuildConfiguration;
			buildSettings = {
				ALWAYS_SEARCH_USER_PATHS = NO;
				CLANG_CXX_LANGUAGE_STANDARD = "gnu++0x";
				CLANG_CXX_LIBRARY = "libc++";
				CLANG_ENABLE_MODULES = YES;
				CLANG_ENABLE_OBJC_ARC = YES;
				CLANG_WARN_BOOL_CONVERSION = YES;
				CLANG_WARN_CONSTANT_CONVERSION = YES;
				CLANG_WARN_DIRECT_OBJC_ISA_USAGE = YES_ERROR;
				CLANG_WARN_EMPTY_BODY = YES;
				CLANG_WARN_ENUM_CONVERSION = YES;
				CLANG_WARN_INT_CONVERSION = YES;
				CLANG_WARN_OBJC_ROOT_CLASS = YES_ERROR;
				CLANG_WARN_UNREACHABLE_CODE = YES;
				CLANG_WARN__DUPLICATE_METHOD_MATCH = YES;
				"CODE_SIGN_IDENTITY[sdk=iphoneos*]" = "iPhone Developer";
				COPY_PHASE_STRIP = YES;
				ENABLE_NS_ASSERTIONS = NO;
				ENABLE_STRICT_OBJC_MSGSEND = YES;
				GCC_C_LANGUAGE_STANDARD = gnu99;
				GCC_WARN_64_TO_32_BIT_CONVERSION = YES;
				GCC_WARN_ABOUT_RETURN_TYPE = YES_ERROR;
				GCC_WARN_UNDECLARED_SELECTOR = YES;
				GCC_WARN_UNINITIALIZED_AUTOS = YES_AGGRESSIVE;
				GCC_WARN_UNUSED_FUNCTION = YES;
				GCC_WARN_UNUSED_VARIABLE = YES;
				IPHONEOS_DEPLOYMENT_TARGET = 8.0;
				MTL_ENABLE_DEBUG_INFO = NO;
				SDKROOT = iphoneos;
				VALIDATE_PRODUCT = YES;
			};
			name = Release;
		};
		B6281A3019DDF89C005B7592 /* Debug */ = {
			isa = XCBuildConfiguration;
			buildSettings = {
				ASSETCATALOG_COMPILER_APPICON_NAME = AppIcon;
				INFOPLIST_FILE = 99RedBalloons/Info.plist;
				LD_RUNPATH_SEARCH_PATHS = "$(inherited) @executable_path/Frameworks";
				PRODUCT_NAME = "$(TARGET_NAME)";
			};
			name = Debug;
		};
		B6281A3119DDF89C005B7592 /* Release */ = {
			isa = XCBuildConfiguration;
			buildSettings = {
				ASSETCATALOG_COMPILER_APPICON_NAME = AppIcon;
				INFOPLIST_FILE = 99RedBalloons/Info.plist;
				LD_RUNPATH_SEARCH_PATHS = "$(inherited) @executable_path/Frameworks";
				PRODUCT_NAME = "$(TARGET_NAME)";
			};
			name = Release;
		};
		B6281A3319DDF89C005B7592 /* Debug */ = {
			isa = XCBuildConfiguration;
			buildSettings = {
				BUNDLE_LOADER = "$(TEST_HOST)";
				FRAMEWORK_SEARCH_PATHS = (
					"$(SDKROOT)/Developer/Library/Frameworks",
					"$(inherited)",
				);
				GCC_PREPROCESSOR_DEFINITIONS = (
					"DEBUG=1",
					"$(inherited)",
				);
				INFOPLIST_FILE = 99RedBalloonsTests/Info.plist;
				LD_RUNPATH_SEARCH_PATHS = "$(inherited) @executable_path/Frameworks @loader_path/Frameworks";
				PRODUCT_NAME = "$(TARGET_NAME)";
				TEST_HOST = "$(BUILT_PRODUCTS_DIR)/99RedBalloons.app/99RedBalloons";
			};
			name = Debug;
		};
		B6281A3419DDF89C005B7592 /* Release */ = {
			isa = XCBuildConfiguration;
			buildSettings = {
				BUNDLE_LOADER = "$(TEST_HOST)";
				FRAMEWORK_SEARCH_PATHS = (
					"$(SDKROOT)/Developer/Library/Frameworks",
					"$(inherited)",
				);
				INFOPLIST_FILE = 99RedBalloonsTests/Info.plist;
				LD_RUNPATH_SEARCH_PATHS = "$(inherited) @executable_path/Frameworks @loader_path/Frameworks";
				PRODUCT_NAME = "$(TARGET_NAME)";
				TEST_HOST = "$(BUILT_PRODUCTS_DIR)/99RedBalloons.app/99RedBalloons";
			};
			name = Release;
		};
/* End XCBuildConfiguration section */

/* Begin XCConfigurationList section */
		B6281A0B19DDF89C005B7592 /* Build configuration list for PBXProject "99RedBalloons" */ = {
			isa = XCConfigurationList;
			buildConfigurations = (
				B6281A2D19DDF89C005B7592 /* Debug */,
				B6281A2E19DDF89C005B7592 /* Release */,
			);
			defaultConfigurationIsVisible = 0;
			defaultConfigurationName = Release;
		};
		B6281A2F19DDF89C005B7592 /* Build configuration list for PBXNativeTarget "99RedBalloons" */ = {
			isa = XCConfigurationList;
			buildConfigurations = (
				B6281A3019DDF89C005B7592 /* Debug */,
				B6281A3119DDF89C005B7592 /* Release */,
			);
			defaultConfigurationIsVisible = 0;
		};
		B6281A3219DDF89C005B7592 /* Build configuration list for PBXNativeTarget "99RedBalloonsTests" */ = {
			isa = XCConfigurationList;
			buildConfigurations = (
				B6281A3319DDF89C005B7592 /* Debug */,
				B6281A3419DDF89C005B7592 /* Release */,
			);
			defaultConfigurationIsVisible = 0;
		};
/* End XCConfigurationList section */
	};
	rootObject = B6281A0819DDF89C005B7592 /* Project object */;
}
